
Microsoft Visual Studio Solution File, Format Version 12.00
# Visual Studio Version 16
VisualStudioVersion = 16.0.31019.35
MinimumVisualStudioVersion = 10.0.40219.1
Project("{8BC9CEB8-8B4A-11D0-8D11-00A0C91BC942}") = "noEven", "noEven\noEven.vcxproj", "{F4FB85CF-3A00-4035-A606-F9F35B4F0046}"
EndProject
Global
	GlobalSection(SolutionConfigurationPlatforms) = preSolution
		Debug|x64 = Debug|x64
		Debug|x86 = Debug|x86
		Release|x64 = Release|x64
		Release|x86 = Release|x86
	EndGlobalSection
	GlobalSection(ProjectConfigurationPlatforms) = postSolution
		{F4FB85CF-3A00-4035-A606-F9F35B4F0046}.Debug|x64.ActiveCfg = Debug|x64
		{F4FB85CF-3A00-4035-A606-F9F35B4F0046}.Debug|x64.Build.0 = Debug|x64
		{F4FB85CF-3A00-4035-A606-F9F35B4F0046}.Debug|x86.ActiveCfg = Debug|Win32
		{F4FB85CF-3A00-4035-A606-F9F35B4F0046}.Debug|x86.Build.0 = Debug|Win32
		{F4FB85CF-3A00-4035-A606-F9F35B4F0046}.Release|x64.ActiveCfg = Release|x64
		{F4FB85CF-3A00-4035-A606-F9F35B4F0046}.Release|x64.Build.0 = Release|x64
		{F4FB85CF-3A00-4035-A606-F9F35B4F0046}.Release|x86.ActiveCfg = Release|Win32
		{F4FB85CF-3A00-4035-A606-F9F35B4F0046}.Release|x86.Build.0 = Release|Win32
	EndGlobalSection
	GlobalSection(SolutionProperties) = preSolution
		HideSolutionNode = FALSE
	EndGlobalSection
	GlobalSection(ExtensibilityGlobals) = postSolution
		SolutionGuid = {4A20A97E-752B-4564-AFCB-6830E789ED75}
	EndGlobalSection
EndGlobal
